Microsoft Visual Studio Solution File, Format Version 12.00
# SPDX-License-Identifier: GPL-3.0-or-later
# Copyright 2021 Lukas <lumip> Prediger

VisualStudioVersion = 15.0.26124.0
MinimumVisualStudioVersion = 15.0.26124.0
Project("{FAE04EC0-301F-11D3-BF4B-00C04F79EFBC}") = "MSFSModManager.Core", "MSFSModManager.Core\MSFSModManager.Core.csproj", "{03C4630B-1678-4021-8181-1CFC7B918DB5}"
EndProject
Project("{FAE04EC0-301F-11D3-BF4B-00C04F79EFBC}") = "MSFSModManager.CLI", "MSFSModManager.CLI\MSFSModManager.CLI.csproj", "{6A419379-3913-46F4-89DA-C4E3DA6DC087}"
EndProject
Project("{FAE04EC0-301F-11D3-BF4B-00C04F79EFBC}") = "Example", "Example\Example.csproj", "{C26E54DD-9AAA-49CC-BBD0-20CC5CA93900}"
EndProject
Project("{FAE04EC0-301F-11D3-BF4B-00C04F79EFBC}") = "MSFSModManager.GUI", "MSFSModManager.GUI\MSFSModManager.GUI.csproj", "{7D416D71-278D-4BB2-85DE-0C2FB727AC30}"
EndProject
Global
	GlobalSection(SolutionConfigurationPlatforms) = preSolution
		Debug|Any CPU = Debug|Any CPU
		Debug|x64 = Debug|x64
		Debug|x86 = Debug|x86
		Release|Any CPU = Release|Any CPU
		Release|x64 = Release|x64
		Release|x86 = Release|x86
	EndGlobalSection
	GlobalSection(SolutionProperties) = preSolution
		HideSolutionNode = FALSE
	EndGlobalSection
	GlobalSection(ProjectConfigurationPlatforms) = postSolution
		{03C4630B-1678-4021-8181-1CFC7B918DB5}.Debug|Any CPU.ActiveCfg = Debug|Any CPU
		{03C4630B-1678-4021-8181-1CFC7B918DB5}.Debug|Any CPU.Build.0 = Debug|Any CPU
		{03C4630B-1678-4021-8181-1CFC7B918DB5}.Debug|x64.ActiveCfg = Debug|Any CPU
		{03C4630B-1678-4021-8181-1CFC7B918DB5}.Debug|x64.Build.0 = Debug|Any CPU
		{03C4630B-1678-4021-8181-1CFC7B918DB5}.Debug|x86.ActiveCfg = Debug|Any CPU
		{03C4630B-1678-4021-8181-1CFC7B918DB5}.Debug|x86.Build.0 = Debug|Any CPU
		{03C4630B-1678-4021-8181-1CFC7B918DB5}.Release|Any CPU.ActiveCfg = Release|Any CPU
		{03C4630B-1678-4021-8181-1CFC7B918DB5}.Release|Any CPU.Build.0 = Release|Any CPU
		{03C4630B-1678-4021-8181-1CFC7B918DB5}.Release|x64.ActiveCfg = Release|Any CPU
		{03C4630B-1678-4021-8181-1CFC7B918DB5}.Release|x64.Build.0 = Release|Any CPU
		{03C4630B-1678-4021-8181-1CFC7B918DB5}.Release|x86.ActiveCfg = Release|Any CPU
		{03C4630B-1678-4021-8181-1CFC7B918DB5}.Release|x86.Build.0 = Release|Any CPU
		{6A419379-3913-46F4-89DA-C4E3DA6DC087}.Debug|Any CPU.ActiveCfg = Debug|Any CPU
		{6A419379-3913-46F4-89DA-C4E3DA6DC087}.Debug|Any CPU.Build.0 = Debug|Any CPU
		{6A419379-3913-46F4-89DA-C4E3DA6DC087}.Debug|x64.ActiveCfg = Debug|Any CPU
		{6A419379-3913-46F4-89DA-C4E3DA6DC087}.Debug|x64.Build.0 = Debug|Any CPU
		{6A419379-3913-46F4-89DA-C4E3DA6DC087}.Debug|x86.ActiveCfg = Debug|Any CPU
		{6A419379-3913-46F4-89DA-C4E3DA6DC087}.Debug|x86.Build.0 = Debug|Any CPU
		{6A419379-3913-46F4-89DA-C4E3DA6DC087}.Release|Any CPU.ActiveCfg = Release|Any CPU
		{6A419379-3913-46F4-89DA-C4E3DA6DC087}.Release|Any CPU.Build.0 = Release|Any CPU
		{6A419379-3913-46F4-89DA-C4E3DA6DC087}.Release|x64.ActiveCfg = Release|Any CPU
		{6A419379-3913-46F4-89DA-C4E3DA6DC087}.Release|x64.Build.0 = Release|Any CPU
		{6A419379-3913-46F4-89DA-C4E3DA6DC087}.Release|x86.ActiveCfg = Release|Any CPU
		{6A419379-3913-46F4-89DA-C4E3DA6DC087}.Release|x86.Build.0 = Release|Any CPU
		{C26E54DD-9AAA-49CC-BBD0-20CC5CA93900}.Debug|Any CPU.ActiveCfg = Debug|Any CPU
		{C26E54DD-9AAA-49CC-BBD0-20CC5CA93900}.Debug|Any CPU.Build.0 = Debug|Any CPU
		{C26E54DD-9AAA-49CC-BBD0-20CC5CA93900}.Debug|x64.ActiveCfg = Debug|Any CPU
		{C26E54DD-9AAA-49CC-BBD0-20CC5CA93900}.Debug|x64.Build.0 = Debug|Any CPU
		{C26E54DD-9AAA-49CC-BBD0-20CC5CA93900}.Debug|x86.ActiveCfg = Debug|Any CPU
		{C26E54DD-9AAA-49CC-BBD0-20CC5CA93900}.Debug|x86.Build.0 = Debug|Any CPU
		{C26E54DD-9AAA-49CC-BBD0-20CC5CA93900}.Release|Any CPU.ActiveCfg = Release|Any CPU
		{C26E54DD-9AAA-49CC-BBD0-20CC5CA93900}.Release|Any CPU.Build.0 = Release|Any CPU
		{C26E54DD-9AAA-49CC-BBD0-20CC5CA93900}.Release|x64.ActiveCfg = Release|Any CPU
		{C26E54DD-9AAA-49CC-BBD0-20CC5CA93900}.Release|x64.Build.0 = Release|Any CPU
		{C26E54DD-9AAA-49CC-BBD0-20CC5CA93900}.Release|x86.ActiveCfg = Release|Any CPU
		{C26E54DD-9AAA-49CC-BBD0-20CC5CA93900}.Release|x86.Build.0 = Release|Any CPU
		{7D416D71-278D-4BB2-85DE-0C2FB727AC30}.Debug|Any CPU.ActiveCfg = Debug|Any CPU
		{7D416D71-278D-4BB2-85DE-0C2FB727AC30}.Debug|Any CPU.Build.0 = Debug|Any CPU
		{7D416D71-278D-4BB2-85DE-0C2FB727AC30}.Debug|x64.ActiveCfg = Debug|Any CPU
		{7D416D71-278D-4BB2-85DE-0C2FB727AC30}.Debug|x64.Build.0 = Debug|Any CPU
		{7D416D71-278D-4BB2-85DE-0C2FB727AC30}.Debug|x86.ActiveCfg = Debug|Any CPU
		{7D416D71-278D-4BB2-85DE-0C2FB727AC30}.Debug|x86.Build.0 = Debug|Any CPU
		{7D416D71-278D-4BB2-85DE-0C2FB727AC30}.Release|Any CPU.ActiveCfg = Release|Any CPU
		{7D416D71-278D-4BB2-85DE-0C2FB727AC30}.Release|Any CPU.Build.0 = Release|Any CPU
		{7D416D71-278D-4BB2-85DE-0C2FB727AC30}.Release|x64.ActiveCfg = Release|Any CPU
		{7D416D71-278D-4BB2-85DE-0C2FB727AC30}.Release|x64.Build.0 = Release|Any CPU
		{7D416D71-278D-4BB2-85DE-0C2FB727AC30}.Release|x86.ActiveCfg = Release|Any CPU
		{7D416D71-278D-4BB2-85DE-0C2FB727AC30}.Release|x86.Build.0 = Release|Any CPU
	EndGlobalSection
EndGlobal
